
Microsoft Visual Studio Solution File, Format Version 12.00
# Visual Studio Version 16
VisualStudioVersion = 16.0.29102.190
MinimumVisualStudioVersion = 10.0.40219.1
Project("{8BC9CEB8-8B4A-11D0-8D11-00A0C91BC942}") = "dbf2txt", "dbfmanager.vcxproj", "{D4532CDE-9466-43BC-8E08-59CACDBDAEEC}"
EndProject
Global
	GlobalSection(SolutionConfigurationPlatforms) = preSolution
		Debug|Win32 = Debug|Win32
		Release|Win32 = Release|Win32
	EndGlobalSection
	GlobalSection(ProjectConfigurationPlatforms) = postSolution
		{D4532CDE-9466-43BC-8E08-59CACDBDAEEC}.Debug|Win32.ActiveCfg = Debug|Win32
		{D4532CDE-9466-43BC-8E08-59CACDBDAEEC}.Debug|Win32.Build.0 = Debug|Win32
		{D4532CDE-9466-43BC-8E08-59CACDBDAEEC}.Release|Win32.ActiveCfg = Release|Win32
		{D4532CDE-9466-43BC-8E08-59CACDBDAEEC}.Release|Win32.Build.0 = Release|Win32
	EndGlobalSection
	GlobalSection(SolutionProperties) = preSolution
		HideSolutionNode = FALSE
	EndGlobalSection
	GlobalSection(ExtensibilityGlobals) = postSolution
		SolutionGuid = {89024FF7-D55C-4D40-8A28-6A635C77F1E3}
	EndGlobalSection
EndGlobal
